// !$*UTF8*$!
{
	archiveVersion = 1;
	classes = {
	};
	objectVersion = 50;
	objects = {

/* Begin PBXBuildFile section */
		2F29FB0E7D1AB69CFFD8B5DB /* Pods_SwiftProject.framework in Frameworks */ = {isa = PBXBuildFile; fileRef = DF8850CD8866F37C666FA89B /* Pods_SwiftProject.framework */; };
		F31A2E69216C5E9500575E65 /* DTStringDemoController.swift in Sources */ = {isa = PBXBuildFile; fileRef = F31A2E68216C5E9500575E65 /* DTStringDemoController.swift */; };
		F32FE8F82176DE2F00A0FC87 /* DTGatherDemoController.swift in Sources */ = {isa = PBXBuildFile; fileRef = F32FE8F72176DE2F00A0FC87 /* DTGatherDemoController.swift */; };
		F32FF6E42178249E0025A5DC /* DTControlFlowController.swift in Sources */ = {isa = PBXBuildFile; fileRef = F32FF6E32178249E0025A5DC /* DTControlFlowController.swift */; };
		F338F55C2179740900257990 /* DTClosuresController.swift in Sources */ = {isa = PBXBuildFile; fileRef = F338F55B2179740900257990 /* DTClosuresController.swift */; };
		F344DE9321787D2D000F064E /* DTFunctionController.swift in Sources */ = {isa = PBXBuildFile; fileRef = F344DE9221787D2D000F064E /* DTFunctionController.swift */; };
		F356A03B216EEE51004978D6 /* ColorConstant.swift in Sources */ = {isa = PBXBuildFile; fileRef = F356A03A216EEE51004978D6 /* ColorConstant.swift */; };
		F372386E2160C85A003A2CB6 /* Assert.xcassets in Resources */ = {isa = PBXBuildFile; fileRef = F372386D2160C85A003A2CB6 /* Assert.xcassets */; };
		F37238712160CC62003A2CB6 /* QutuiColorExtension.swift in Sources */ = {isa = PBXBuildFile; fileRef = F37238702160CC62003A2CB6 /* QutuiColorExtension.swift */; };
		F3B578362160A2240069CA62 /* AppDelegate.swift in Sources */ = {isa = PBXBuildFile; fileRef = F3B578352160A2240069CA62 /* AppDelegate.swift */; };
		F3B578402160A2250069CA62 /* LaunchScreen.storyboard in Resources */ = {isa = PBXBuildFile; fileRef = F3B5783E2160A2250069CA62 /* LaunchScreen.storyboard */; };
		F3B5784B2160A5990069CA62 /* DTRootTabBarController.swift in Sources */ = {isa = PBXBuildFile; fileRef = F3B5784A2160A5990069CA62 /* DTRootTabBarController.swift */; };
		F3B578502160A8040069CA62 /* DTBaseViewController.swift in Sources */ = {isa = PBXBuildFile; fileRef = F3B5784F2160A8040069CA62 /* DTBaseViewController.swift */; };
		F3B578522160A8C70069CA62 /* DTBasicUsageController.swift in Sources */ = {isa = PBXBuildFile; fileRef = F3B578512160A8C70069CA62 /* DTBasicUsageController.swift */; };
		F3B578542160A8FB0069CA62 /* DTAdvancedController.swift in Sources */ = {isa = PBXBuildFile; fileRef = F3B578532160A8FB0069CA62 /* DTAdvancedController.swift */; };
		F3B578562160A9730069CA62 /* DTDocumentViewController.swift in Sources */ = {isa = PBXBuildFile; fileRef = F3B578552160A9730069CA62 /* DTDocumentViewController.swift */; };
		F3B578582160AC230069CA62 /* DTRootNavgationController.swift in Sources */ = {isa = PBXBuildFile; fileRef = F3B578572160AC230069CA62 /* DTRootNavgationController.swift */; };
		F3EFBB3A217429AD00D27D5C /* Const.swift in Sources */ = {isa = PBXBuildFile; fileRef = F3EFBB39217429AD00D27D5C /* Const.swift */; };
		F3EFBB3E2174322D00D27D5C /* DescCell.swift in Sources */ = {isa = PBXBuildFile; fileRef = F3EFBB3C2174322D00D27D5C /* DescCell.swift */; };
		F3EFBB3F2174322D00D27D5C /* DescCell.xib in Resources */ = {isa = PBXBuildFile; fileRef = F3EFBB3D2174322D00D27D5C /* DescCell.xib */; };
		F3EFBB412174335B00D27D5C /* PGVerticalLabel.swift in Sources */ = {isa = PBXBuildFile; fileRef = F3EFBB402174335B00D27D5C /* PGVerticalLabel.swift */; };
		F3EFBB49217446DD00D27D5C /* AdapterCellUtil.swift in Sources */ = {isa = PBXBuildFile; fileRef = F3EFBB48217446DD00D27D5C /* AdapterCellUtil.swift */; };
/* End PBXBuildFile section */

/* Begin PBXFileReference section */
		057A2B4102DB8BECFE258CEB /* Pods-SwiftProject.release.xcconfig */ = {isa = PBXFileReference; includeInIndex = 1; lastKnownFileType = text.xcconfig; name = "Pods-SwiftProject.release.xcconfig"; path = "Pods/Target Support Files/Pods-SwiftProject/Pods-SwiftProject.release.xcconfig"; sourceTree = "<group>"; };
		DF8850CD8866F37C666FA89B /* Pods_SwiftProject.framework */ = {isa = PBXFileReference; explicitFileType = wrapper.framework; includeInIndex = 0; path = Pods_SwiftProject.framework; sourceTree = BUILT_PRODUCTS_DIR; };
		F19FB5AD265CCFBD6F2BE42D /* Pods-SwiftProject.debug.xcconfig */ = {isa = PBXFileReference; includeInIndex = 1; lastKnownFileType = text.xcconfig; name = "Pods-SwiftProject.debug.xcconfig"; path = "Pods/Target Support Files/Pods-SwiftProject/Pods-SwiftProject.debug.xcconfig"; sourceTree = "<group>"; };
		F31A2E68216C5E9500575E65 /* DTStringDemoController.swift */ = {isa = PBXFileReference; lastKnownFileType = sourcecode.swift; path = DTStringDemoController.swift; sourceTree = "<group>"; };
		F32FE8F72176DE2F00A0FC87 /* DTGatherDemoController.swift */ = {isa = PBXFileReference; lastKnownFileType = sourcecode.swift; path = DTGatherDemoController.swift; sourceTree = "<group>"; };
		F32FF6E32178249E0025A5DC /* DTControlFlowController.swift */ = {isa = PBXFileReference; lastKnownFileType = sourcecode.swift; path = DTControlFlowController.swift; sourceTree = "<group>"; };
		F338F55B2179740900257990 /* DTClosuresController.swift */ = {isa = PBXFileReference; lastKnownFileType = sourcecode.swift; path = DTClosuresController.swift; sourceTree = "<group>"; };
		F344DE9221787D2D000F064E /* DTFunctionController.swift */ = {isa = PBXFileReference; lastKnownFileType = sourcecode.swift; path = DTFunctionController.swift; sourceTree = "<group>"; };
		F356A03A216EEE51004978D6 /* ColorConstant.swift */ = {isa = PBXFileReference; fileEncoding = 4; lastKnownFileType = sourcecode.swift; path = ColorConstant.swift; sourceTree = "<group>"; };
		F372386D2160C85A003A2CB6 /* Assert.xcassets */ = {isa = PBXFileReference; lastKnownFileType = folder.assetcatalog; path = Assert.xcassets; sourceTree = "<group>"; };
		F37238702160CC62003A2CB6 /* QutuiColorExtension.swift */ = {isa = PBXFileReference; fileEncoding = 4; lastKnownFileType = sourcecode.swift; path = QutuiColorExtension.swift; sourceTree = "<group>"; };
		F37238792160CF62003A2CB6 /* ThirdBridgeHeader.h */ = {isa = PBXFileReference; lastKnownFileType = sourcecode.c.h; path = ThirdBridgeHeader.h; sourceTree = "<group>"; };
		F3B578322160A2240069CA62 /* SwiftProject.app */ = {isa = PBXFileReference; explicitFileType = wrapper.application; includeInIndex = 0; path = SwiftProject.app; sourceTree = BUILT_PRODUCTS_DIR; };
		F3B578352160A2240069CA62 /* AppDelegate.swift */ = {isa = PBXFileReference; lastKnownFileType = sourcecode.swift; path = AppDelegate.swift; sourceTree = "<group>"; };
		F3B5783F2160A2250069CA62 /* Base */ = {isa = PBXFileReference; lastKnownFileType = file.storyboard; name = Base; path = Base.lproj/LaunchScreen.storyboard; sourceTree = "<group>"; };
		F3B578412160A2250069CA62 /* Info.plist */ = {isa = PBXFileReference; lastKnownFileType = text.plist.xml; path = Info.plist; sourceTree = "<group>"; };
		F3B5784A2160A5990069CA62 /* DTRootTabBarController.swift */ = {isa = PBXFileReference; lastKnownFileType = sourcecode.swift; path = DTRootTabBarController.swift; sourceTree = "<group>"; };
		F3B5784F2160A8040069CA62 /* DTBaseViewController.swift */ = {isa = PBXFileReference; lastKnownFileType = sourcecode.swift; path = DTBaseViewController.swift; sourceTree = "<group>"; };
		F3B578512160A8C70069CA62 /* DTBasicUsageController.swift */ = {isa = PBXFileReference; lastKnownFileType = sourcecode.swift; path = DTBasicUsageController.swift; sourceTree = "<group>"; };
		F3B578532160A8FB0069CA62 /* DTAdvancedController.swift */ = {isa = PBXFileReference; lastKnownFileType = sourcecode.swift; path = DTAdvancedController.swift; sourceTree = "<group>"; };
		F3B578552160A9730069CA62 /* DTDocumentViewController.swift */ = {isa = PBXFileReference; lastKnownFileType = sourcecode.swift; path = DTDocumentViewController.swift; sourceTree = "<group>"; };
		F3B578572160AC230069CA62 /* DTRootNavgationController.swift */ = {isa = PBXFileReference; lastKnownFileType = sourcecode.swift; path = DTRootNavgationController.swift; sourceTree = "<group>"; };
		F3EFBB39217429AD00D27D5C /* Const.swift */ = {isa = PBXFileReference; lastKnownFileType = sourcecode.swift; path = Const.swift; sourceTree = "<group>"; };
		F3EFBB3C2174322D00D27D5C /* DescCell.swift */ = {isa = PBXFileReference; lastKnownFileType = sourcecode.swift; path = DescCell.swift; sourceTree = "<group>"; };
		F3EFBB3D2174322D00D27D5C /* DescCell.xib */ = {isa = PBXFileReference; lastKnownFileType = file.xib; path = DescCell.xib; sourceTree = "<group>"; };
		F3EFBB402174335B00D27D5C /* PGVerticalLabel.swift */ = {isa = PBXFileReference; lastKnownFileType = sourcecode.swift; path = PGVerticalLabel.swift; sourceTree = "<group>"; };
		F3EFBB48217446DD00D27D5C /* AdapterCellUtil.swift */ = {isa = PBXFileReference; lastKnownFileType = sourcecode.swift; path = AdapterCellUtil.swift; sourceTree = "<group>"; };
/* End PBXFileReference section */

/* Begin PBXFrameworksBuildPhase section */
		F3B5782F2160A2240069CA62 /* Frameworks */ = {
			isa = PBXFrameworksBuildPhase;
			buildActionMask = 2147483647;
			files = (
				2F29FB0E7D1AB69CFFD8B5DB /* Pods_SwiftProject.framework in Frameworks */,
			);
			runOnlyForDeploymentPostprocessing = 0;
		};
/* End PBXFrameworksBuildPhase section */

/* Begin PBXGroup section */
		27988E564F4AB3B2762DB0BF /* Pods */ = {
			isa = PBXGroup;
			children = (
				F19FB5AD265CCFBD6F2BE42D /* Pods-SwiftProject.debug.xcconfig */,
				057A2B4102DB8BECFE258CEB /* Pods-SwiftProject.release.xcconfig */,
			);
			name = Pods;
			sourceTree = "<group>";
		};
		9E160865FD085BDAB032E370 /* Frameworks */ = {
			isa = PBXGroup;
			children = (
				DF8850CD8866F37C666FA89B /* Pods_SwiftProject.framework */,
			);
			name = Frameworks;
			sourceTree = "<group>";
		};
		F31A2E67216C5E5400575E65 /* 基础使用 */ = {
			isa = PBXGroup;
			children = (
				F31A2E68216C5E9500575E65 /* DTStringDemoController.swift */,
				F32FE8F72176DE2F00A0FC87 /* DTGatherDemoController.swift */,
				F32FF6E32178249E0025A5DC /* DTControlFlowController.swift */,
				F344DE9221787D2D000F064E /* DTFunctionController.swift */,
				F338F55B2179740900257990 /* DTClosuresController.swift */,
			);
			path = "基础使用";
			sourceTree = "<group>";
		};
		F372386F2160CC62003A2CB6 /* Extension */ = {
			isa = PBXGroup;
			children = (
				F37238702160CC62003A2CB6 /* QutuiColorExtension.swift */,
			);
			path = Extension;
			sourceTree = "<group>";
		};
		F37238782160CF49003A2CB6 /* Bridge */ = {
			isa = PBXGroup;
			children = (
				F37238792160CF62003A2CB6 /* ThirdBridgeHeader.h */,
			);
			path = Bridge;
			sourceTree = "<group>";
		};
		F3B578292160A2240069CA62 = {
			isa = PBXGroup;
			children = (
				F3B578342160A2240069CA62 /* SwiftProject */,
				F3B578332160A2240069CA62 /* Products */,
				27988E564F4AB3B2762DB0BF /* Pods */,
				9E160865FD085BDAB032E370 /* Frameworks */,
			);
			sourceTree = "<group>";
		};
		F3B578332160A2240069CA62 /* Products */ = {
			isa = PBXGroup;
			children = (
				F3B578322160A2240069CA62 /* SwiftProject.app */,
			);
			name = Products;
			sourceTree = "<group>";
		};
		F3B578342160A2240069CA62 /* SwiftProject */ = {
			isa = PBXGroup;
			children = (
				F3B578352160A2240069CA62 /* AppDelegate.swift */,
				F3B578482160A2510069CA62 /* Main */,
				F3B578472160A23D0069CA62 /* Other */,
			);
			path = SwiftProject;
			sourceTree = "<group>";
		};
		F3B578472160A23D0069CA62 /* Other */ = {
			isa = PBXGroup;
			children = (
				F3B578412160A2250069CA62 /* Info.plist */,
				F3B5783E2160A2250069CA62 /* LaunchScreen.storyboard */,
				F372386D2160C85A003A2CB6 /* Assert.xcassets */,
			);
			path = Other;
			sourceTree = "<group>";
		};
		F3B578482160A2510069CA62 /* Main */ = {
			isa = PBXGroup;
			children = (
				F3EFBB472174468400D27D5C /* Util */,
				F37238782160CF49003A2CB6 /* Bridge */,
				F3B5785E2160AED80069CA62 /* Constant */,
				F3B5784D2160A7AE0069CA62 /* Common */,
				F372386F2160CC62003A2CB6 /* Extension */,
				F3B5784C2160A7640069CA62 /* Modules */,
				F3B578492160A2710069CA62 /* Root */,
			);
			path = Main;
			sourceTree = "<group>";
		};
		F3B578492160A2710069CA62 /* Root */ = {
			isa = PBXGroup;
			children = (
				F3B578572160AC230069CA62 /* DTRootNavgationController.swift */,
				F3B5784A2160A5990069CA62 /* DTRootTabBarController.swift */,
			);
			path = Root;
			sourceTree = "<group>";
		};
		F3B5784C2160A7640069CA62 /* Modules */ = {
			isa = PBXGroup;
			children = (
				F3EFBB3B2174320D00D27D5C /* View */,
				F31A2E67216C5E5400575E65 /* 基础使用 */,
				F3B578512160A8C70069CA62 /* DTBasicUsageController.swift */,
				F3B578532160A8FB0069CA62 /* DTAdvancedController.swift */,
				F3B578552160A9730069CA62 /* DTDocumentViewController.swift */,
			);
			path = Modules;
			sourceTree = "<group>";
		};
		F3B5784D2160A7AE0069CA62 /* Common */ = {
			isa = PBXGroup;
			children = (
				F3B5784F2160A8040069CA62 /* DTBaseViewController.swift */,
			);
			path = Common;
			sourceTree = "<group>";
		};
		F3B5785E2160AED80069CA62 /* Constant */ = {
			isa = PBXGroup;
			children = (
				F356A03A216EEE51004978D6 /* ColorConstant.swift */,
				F3EFBB39217429AD00D27D5C /* Const.swift */,
			);
			path = Constant;
			sourceTree = "<group>";
		};
		F3EFBB3B2174320D00D27D5C /* View */ = {
			isa = PBXGroup;
			children = (
				F3EFBB3C2174322D00D27D5C /* DescCell.swift */,
				F3EFBB3D2174322D00D27D5C /* DescCell.xib */,
				F3EFBB402174335B00D27D5C /* PGVerticalLabel.swift */,
			);
			path = View;
			sourceTree = "<group>";
		};
		F3EFBB472174468400D27D5C /* Util */ = {
			isa = PBXGroup;
			children = (
				F3EFBB48217446DD00D27D5C /* AdapterCellUtil.swift */,
			);
			path = Util;
			sourceTree = "<group>";
		};
/* End PBXGroup section */

/* Begin PBXNativeTarget section */
		F3B578312160A2240069CA62 /* SwiftProject */ = {
			isa = PBXNativeTarget;
			buildConfigurationList = F3B578442160A2250069CA62 /* Build configuration list for PBXNativeTarget "SwiftProject" */;
			buildPhases = (
				0FB51BAC0C6EE958B09E4BFC /* [CP] Check Pods Manifest.lock */,
				F3B5782E2160A2240069CA62 /* Sources */,
				F3B5782F2160A2240069CA62 /* Frameworks */,
				F3B578302160A2240069CA62 /* Resources */,
				7CEF382D7DF3E132D9C35A0A /* [CP] Embed Pods Frameworks */,
			);
			buildRules = (
			);
			dependencies = (
			);
			name = SwiftProject;
			productName = SwiftProject;
			productReference = F3B578322160A2240069CA62 /* SwiftProject.app */;
			productType = "com.apple.product-type.application";
		};
/* End PBXNativeTarget section */

/* Begin PBXProject section */
		F3B5782A2160A2240069CA62 /* Project object */ = {
			isa = PBXProject;
			attributes = {
				LastSwiftUpdateCheck = 1000;
				LastUpgradeCheck = 1000;
				ORGANIZATIONNAME = renxun;
				TargetAttributes = {
					F3B578312160A2240069CA62 = {
						CreatedOnToolsVersion = 10.0;
					};
				};
			};
			buildConfigurationList = F3B5782D2160A2240069CA62 /* Build configuration list for PBXProject "SwiftProject" */;
			compatibilityVersion = "Xcode 9.3";
			developmentRegion = en;
			hasScannedForEncodings = 0;
			knownRegions = (
				en,
				Base,
			);
			mainGroup = F3B578292160A2240069CA62;
			productRefGroup = F3B578332160A2240069CA62 /* Products */;
			projectDirPath = "";
			projectRoot = "";
			targets = (
				F3B578312160A2240069CA62 /* SwiftProject */,
			);
		};
/* End PBXProject section */

/* Begin PBXResourcesBuildPhase section */
		F3B578302160A2240069CA62 /* Resources */ = {
			isa = PBXResourcesBuildPhase;
			buildActionMask = 2147483647;
			files = (
				F3B578402160A2250069CA62 /* LaunchScreen.storyboard in Resources */,
				F372386E2160C85A003A2CB6 /* Assert.xcassets in Resources */,
				F3EFBB3F2174322D00D27D5C /* DescCell.xib in Resources */,
			);
			runOnlyForDeploymentPostprocessing = 0;
		};
/* End PBXResourcesBuildPhase section */

/* Begin PBXShellScriptBuildPhase section */
		0FB51BAC0C6EE958B09E4BFC /* [CP] Check Pods Manifest.lock */ = {
			isa = PBXShellScriptBuildPhase;
			buildActionMask = 2147483647;
			files = (
			);
			inputPaths = (
				"${PODS_PODFILE_DIR_PATH}/Podfile.lock",
				"${PODS_ROOT}/Manifest.lock",
			);
			name = "[CP] Check Pods Manifest.lock";
			outputPaths = (
				"$(DERIVED_FILE_DIR)/Pods-SwiftProject-checkManifestLockResult.txt",
			);
			runOnlyForDeploymentPostprocessing = 0;
			shellPath = /bin/sh;
			shellScript = "diff \"${PODS_PODFILE_DIR_PATH}/Podfile.lock\" \"${PODS_ROOT}/Manifest.lock\" > /dev/null\nif [ $? != 0 ] ; then\n    # print error to STDERR\n    echo \"error: The sandbox is not in sync with the Podfile.lock. Run 'pod install' or update your CocoaPods installation.\" >&2\n    exit 1\nfi\n# This output is used by Xcode 'outputs' to avoid re-running this script phase.\necho \"SUCCESS\" > \"${SCRIPT_OUTPUT_FILE_0}\"\n";
			showEnvVarsInLog = 0;
		};
		7CEF382D7DF3E132D9C35A0A /* [CP] Embed Pods Frameworks */ = {
			isa = PBXShellScriptBuildPhase;
			buildActionMask = 2147483647;
			files = (
			);
			inputPaths = (
				"${SRCROOT}/Pods/Target Support Files/Pods-SwiftProject/Pods-SwiftProject-frameworks.sh",
				"${BUILT_PRODUCTS_DIR}/LLTableViewAdapter/LLTableViewAdapter.framework",
				"${BUILT_PRODUCTS_DIR}/PGSwiftExtensions/PGSwiftExtensions.framework",
				"${BUILT_PRODUCTS_DIR}/RTRootNavigationController/RTRootNavigationController.framework",
				"${BUILT_PRODUCTS_DIR}/SnapKit/SnapKit.framework",
				"${BUILT_PRODUCTS_DIR}/SwifterSwift/SwifterSwift.framework",
			);
			name = "[CP] Embed Pods Frameworks";
			outputPaths = (
				"${TARGET_BUILD_DIR}/${FRAMEWORKS_FOLDER_PATH}/LLTableViewAdapter.framework",
				"${TARGET_BUILD_DIR}/${FRAMEWORKS_FOLDER_PATH}/PGSwiftExtensions.framework",
				"${TARGET_BUILD_DIR}/${FRAMEWORKS_FOLDER_PATH}/RTRootNavigationController.framework",
				"${TARGET_BUILD_DIR}/${FRAMEWORKS_FOLDER_PATH}/SnapKit.framework",
				"${TARGET_BUILD_DIR}/${FRAMEWORKS_FOLDER_PATH}/SwifterSwift.framework",
			);
			runOnlyForDeploymentPostprocessing = 0;
			shellPath = /bin/sh;
			shellScript = "\"${SRCROOT}/Pods/Target Support Files/Pods-SwiftProject/Pods-SwiftProject-frameworks.sh\"\n";
			showEnvVarsInLog = 0;
		};
/* End PBXShellScriptBuildPhase section */

/* Begin PBXSourcesBuildPhase section */
		F3B5782E2160A2240069CA62 /* Sources */ = {
			isa = PBXSourcesBuildPhase;
			buildActionMask = 2147483647;
			files = (
				F3EFBB3E2174322D00D27D5C /* DescCell.swift in Sources */,
				F3B578582160AC230069CA62 /* DTRootNavgationController.swift in Sources */,
				F3B578562160A9730069CA62 /* DTDocumentViewController.swift in Sources */,
				F3B578502160A8040069CA62 /* DTBaseViewController.swift in Sources */,
				F3B578522160A8C70069CA62 /* DTBasicUsageController.swift in Sources */,
				F344DE9321787D2D000F064E /* DTFunctionController.swift in Sources */,
				F3EFBB49217446DD00D27D5C /* AdapterCellUtil.swift in Sources */,
				F356A03B216EEE51004978D6 /* ColorConstant.swift in Sources */,
				F3EFBB412174335B00D27D5C /* PGVerticalLabel.swift in Sources */,
				F3B578362160A2240069CA62 /* AppDelegate.swift in Sources */,
				F32FE8F82176DE2F00A0FC87 /* DTGatherDemoController.swift in Sources */,
				F37238712160CC62003A2CB6 /* QutuiColorExtension.swift in Sources */,
				F3B578542160A8FB0069CA62 /* DTAdvancedController.swift in Sources */,
				F3B5784B2160A5990069CA62 /* DTRootTabBarController.swift in Sources */,
				F32FF6E42178249E0025A5DC /* DTControlFlowController.swift in Sources */,
				F31A2E69216C5E9500575E65 /* DTStringDemoController.swift in Sources */,
				F3EFBB3A217429AD00D27D5C /* Const.swift in Sources */,
				F338F55C2179740900257990 /* DTClosuresController.swift in Sources */,
			);
			runOnlyForDeploymentPostprocessing = 0;
		};
/* End PBXSourcesBuildPhase section */

/* Begin PBXVariantGroup section */
		F3B5783E2160A2250069CA62 /* LaunchScreen.storyboard */ = {
			isa = PBXVariantGroup;
			children = (
				F3B5783F2160A2250069CA62 /* Base */,
			);
			name = LaunchScreen.storyboard;
			sourceTree = "<group>";
		};
/* End PBXVariantGroup section */

/* Begin XCBuildConfiguration section */
		F3B578422160A2250069CA62 /* Debug */ = {
			isa = XCBuildConfiguration;
			buildSettings = {
				ALWAYS_SEARCH_USER_PATHS = NO;
				CLANG_ANALYZER_NONNULL = YES;
				CLANG_ANALYZER_NUMBER_OBJECT_CONVERSION = YES_AGGRESSIVE;
				CLANG_CXX_LANGUAGE_STANDARD = "gnu++14";
				CLANG_CXX_LIBRARY = "libc++";
				CLANG_ENABLE_MODULES = YES;
				CLANG_ENABLE_OBJC_ARC = YES;
				CLANG_ENABLE_OBJC_WEAK = YES;
				CLANG_WARN_BLOCK_CAPTURE_AUTORELEASING = YES;
				CLANG_WARN_BOOL_CONVERSION = YES;
				CLANG_WARN_COMMA = YES;
				CLANG_WARN_CONSTANT_CONVERSION = YES;
				CLANG_WARN_DEPRECATED_OBJC_IMPLEMENTATIONS = YES;
				CLANG_WARN_DIRECT_OBJC_ISA_USAGE = YES_ERROR;
				CLANG_WARN_DOCUMENTATION_COMMENTS = YES;
				CLANG_WARN_EMPTY_BODY = YES;
				CLANG_WARN_ENUM_CONVERSION = YES;
				CLANG_WARN_INFINITE_RECURSION = YES;
				CLANG_WARN_INT_CONVERSION = YES;
				CLANG_WARN_NON_LITERAL_NULL_CONVERSION = YES;
				CLANG_WARN_OBJC_IMPLICIT_RETAIN_SELF = YES;
				CLANG_WARN_OBJC_LITERAL_CONVERSION = YES;
				CLANG_WARN_OBJC_ROOT_CLASS = YES_ERROR;
				CLANG_WARN_RANGE_LOOP_ANALYSIS = YES;
				CLANG_WARN_STRICT_PROTOTYPES = YES;
				CLANG_WARN_SUSPICIOUS_MOVE = YES;
				CLANG_WARN_UNGUARDED_AVAILABILITY = YES_AGGRESSIVE;
				CLANG_WARN_UNREACHABLE_CODE = YES;
				CLANG_WARN__DUPLICATE_METHOD_MATCH = YES;
				CODE_SIGN_IDENTITY = "iPhone Developer";
				COPY_PHASE_STRIP = NO;
				DEBUG_INFORMATION_FORMAT = dwarf;
				ENABLE_STRICT_OBJC_MSGSEND = YES;
				ENABLE_TESTABILITY = YES;
				GCC_C_LANGUAGE_STANDARD = gnu11;
				GCC_DYNAMIC_NO_PIC = NO;
				GCC_NO_COMMON_BLOCKS = YES;
				GCC_OPTIMIZATION_LEVEL = 0;
				GCC_PREPROCESSOR_DEFINITIONS = (
					"DEBUG=1",
					"$(inherited)",
				);
				GCC_WARN_64_TO_32_BIT_CONVERSION = YES;
				GCC_WARN_ABOUT_RETURN_TYPE = YES_ERROR;
				GCC_WARN_UNDECLARED_SELECTOR = YES;
				GCC_WARN_UNINITIALIZED_AUTOS = YES_AGGRESSIVE;
				GCC_WARN_UNUSED_FUNCTION = YES;
				GCC_WARN_UNUSED_VARIABLE = YES;
				IPHONEOS_DEPLOYMENT_TARGET = 12.0;
				MTL_ENABLE_DEBUG_INFO = INCLUDE_SOURCE;
				MTL_FAST_MATH = YES;
				ONLY_ACTIVE_ARCH = YES;
				SDKROOT = iphoneos;
				SWIFT_ACTIVE_COMPILATION_CONDITIONS = DEBUG;
				SWIFT_OPTIMIZATION_LEVEL = "-Onone";
			};
			name = Debug;
		};
		F3B578432160A2250069CA62 /* Release */ = {
			isa = XCBuildConfiguration;
			buildSettings = {
				ALWAYS_SEARCH_USER_PATHS = NO;
				CLANG_ANALYZER_NONNULL = YES;
				CLANG_ANALYZER_NUMBER_OBJECT_CONVERSION = YES_AGGRESSIVE;
				CLANG_CXX_LANGUAGE_STANDARD = "gnu++14";
				CLANG_CXX_LIBRARY = "libc++";
				CLANG_ENABLE_MODULES = YES;
				CLANG_ENABLE_OBJC_ARC = YES;
				CLANG_ENABLE_OBJC_WEAK = YES;
				CLANG_WARN_BLOCK_CAPTURE_AUTORELEASING = YES;
				CLANG_WARN_BOOL_CONVERSION = YES;
				CLANG_WARN_COMMA = YES;
				CLANG_WARN_CONSTANT_CONVERSION = YES;
				CLANG_WARN_DEPRECATED_OBJC_IMPLEMENTATIONS = YES;
				CLANG_WARN_DIRECT_OBJC_ISA_USAGE = YES_ERROR;
				CLANG_WARN_DOCUMENTATION_COMMENTS = YES;
				CLANG_WARN_EMPTY_BODY = YES;
				CLANG_WARN_ENUM_CONVERSION = YES;
				CLANG_WARN_INFINITE_RECURSION = YES;
				CLANG_WARN_INT_CONVERSION = YES;
				CLANG_WARN_NON_LITERAL_NULL_CONVERSION = YES;
				CLANG_WARN_OBJC_IMPLICIT_RETAIN_SELF = YES;
				CLANG_WARN_OBJC_LITERAL_CONVERSION = YES;
				CLANG_WARN_OBJC_ROOT_CLASS = YES_ERROR;
				CLANG_WARN_RANGE_LOOP_ANALYSIS = YES;
				CLANG_WARN_STRICT_PROTOTYPES = YES;
				CLANG_WARN_SUSPICIOUS_MOVE = YES;
				CLANG_WARN_UNGUARDED_AVAILABILITY = YES_AGGRESSIVE;
				CLANG_WARN_UNREACHABLE_CODE = YES;
				CLANG_WARN__DUPLICATE_METHOD_MATCH = YES;
				CODE_SIGN_IDENTITY = "iPhone Developer";
				COPY_PHASE_STRIP = NO;
				DEBUG_INFORMATION_FORMAT = "dwarf-with-dsym";
				ENABLE_NS_ASSERTIONS = NO;
				ENABLE_STRICT_OBJC_MSGSEND = YES;
				GCC_C_LANGUAGE_STANDARD = gnu11;
				GCC_NO_COMMON_BLOCKS = YES;
				GCC_WARN_64_TO_32_BIT_CONVERSION = YES;
				GCC_WARN_ABOUT_RETURN_TYPE = YES_ERROR;
				GCC_WARN_UNDECLARED_SELECTOR = YES;
				GCC_WARN_UNINITIALIZED_AUTOS = YES_AGGRESSIVE;
				GCC_WARN_UNUSED_FUNCTION = YES;
				GCC_WARN_UNUSED_VARIABLE = YES;
				IPHONEOS_DEPLOYMENT_TARGET = 12.0;
				MTL_ENABLE_DEBUG_INFO = NO;
				MTL_FAST_MATH = YES;
				SDKROOT = iphoneos;
				SWIFT_COMPILATION_MODE = wholemodule;
				SWIFT_OPTIMIZATION_LEVEL = "-O";
				VALIDATE_PRODUCT = YES;
			};
			name = Release;
		};
		F3B578452160A2250069CA62 /* Debug */ = {
			isa = XCBuildConfiguration;
			baseConfigurationReference = F19FB5AD265CCFBD6F2BE42D /* Pods-SwiftProject.debug.xcconfig */;
			buildSettings = {
				ASSETCATALOG_COMPILER_APPICON_NAME = AppIcon;
				ASSETCATALOG_COMPILER_LAUNCHIMAGE_NAME = LaunchImage;
				CODE_SIGN_STYLE = Automatic;
				DEVELOPMENT_TEAM = 9F64NC5QM7;
				INFOPLIST_FILE = "$(SRCROOT)/SwiftProject/Other/Info.plist";
				IPHONEOS_DEPLOYMENT_TARGET = 9.0;
				LD_RUNPATH_SEARCH_PATHS = (
					"$(inherited)",
					"@executable_path/Frameworks",
				);
				PRODUCT_BUNDLE_IDENTIFIER = com.SwiftProject.SwiftProject;
				PRODUCT_NAME = "$(TARGET_NAME)";
				SWIFT_OBJC_BRIDGING_HEADER = "$(SRCROOT)/SwiftProject/Main/Bridge/ThirdBridgeHeader.h";
				SWIFT_VERSION = 4.2;
				TARGETED_DEVICE_FAMILY = "1,2";
			};
			name = Debug;
		};
		F3B578462160A2250069CA62 /* Release */ = {
			isa = XCBuildConfiguration;
			baseConfigurationReference = 057A2B4102DB8BECFE258CEB /* Pods-SwiftProject.release.xcconfig */;
			buildSettings = {
				ASSETCATALOG_COMPILER_APPICON_NAME = AppIcon;
				ASSETCATALOG_COMPILER_LAUNCHIMAGE_NAME = LaunchImage;
				CODE_SIGN_STYLE = Automatic;
				DEVELOPMENT_TEAM = 9F64NC5QM7;
				INFOPLIST_FILE = "$(SRCROOT)/SwiftProject/Other/Info.plist";
				IPHONEOS_DEPLOYMENT_TARGET = 9.0;
				LD_RUNPATH_SEARCH_PATHS = (
					"$(inherited)",
					"@executable_path/Frameworks",
				);
				PRODUCT_BUNDLE_IDENTIFIER = com.SwiftProject.SwiftProject;
				PRODUCT_NAME = "$(TARGET_NAME)";
				SWIFT_OBJC_BRIDGING_HEADER = "$(SRCROOT)/SwiftProject/Main/Bridge/ThirdBridgeHeader.h";
				SWIFT_VERSION = 4.2;
				TARGETED_DEVICE_FAMILY = "1,2";
			};
			name = Release;
		};
/* End XCBuildConfiguration section */

/* Begin XCConfigurationList section */
		F3B5782D2160A2240069CA62 /* Build configuration list for PBXProject "SwiftProject" */ = {
			isa = XCConfigurationList;
			buildConfigurations = (
				F3B578422160A2250069CA62 /* Debug */,
				F3B578432160A2250069CA62 /* Release */,
			);
			defaultConfigurationIsVisible = 0;
			defaultConfigurationName = Release;
		};
		F3B578442160A2250069CA62 /* Build configuration list for PBXNativeTarget "SwiftProject" */ = {
			isa = XCConfigurationList;
			buildConfigurations = (
				F3B578452160A2250069CA62 /* Debug */,
				F3B578462160A2250069CA62 /* Release */,
			);
			defaultConfigurationIsVisible = 0;
			defaultConfigurationName = Release;
		};
/* End XCConfigurationList section */
	};
	rootObject = F3B5782A2160A2240069CA62 /* Project object */;
}
